// !$*UTF8*$!
{
	archiveVersion = 1;
	classes = {
	};
	objectVersion = 46;
	objects = {

/* Begin PBXBuildFile section */
		3C05E2321EAE2BF400B7484C /* TMUI.framework in Frameworks */ = {isa = PBXBuildFile; fileRef = 3C05E2281EAE2BF400B7484C /* TMUI.framework */; };
		3C05E2371EAE2BF400B7484C /* TMUITests.swift in Sources */ = {isa = PBXBuildFile; fileRef = 3C05E2361EAE2BF400B7484C /* TMUITests.swift */; };
		3C05E2391EAE2BF400B7484C /* TMUI.h in Headers */ = {isa = PBXBuildFile; fileRef = 3C05E22B1EAE2BF400B7484C /* TMUI.h */; settings = {ATTRIBUTES = (Public, ); }; };
		3C05E2441EAE2C9E00B7484C /* TMUIFavoritesSelectionViewController.swift in Sources */ = {isa = PBXBuildFile; fileRef = 3C05E2421EAE2C9E00B7484C /* TMUIFavoritesSelectionViewController.swift */; };
		3C05E2451EAE2C9E00B7484C /* TMUIFavoritesSelectionViewController.xib in Resources */ = {isa = PBXBuildFile; fileRef = 3C05E2431EAE2C9E00B7484C /* TMUIFavoritesSelectionViewController.xib */; };
		3C05E2491EAE2D5900B7484C /* TMUIFavoritesSelectionCollectionViewCell.swift in Sources */ = {isa = PBXBuildFile; fileRef = 3C05E2471EAE2D5900B7484C /* TMUIFavoritesSelectionCollectionViewCell.swift */; };
		3C05E24A1EAE2D5900B7484C /* TMUIFavoritesSelectionCollectionViewCell.xib in Resources */ = {isa = PBXBuildFile; fileRef = 3C05E2481EAE2D5900B7484C /* TMUIFavoritesSelectionCollectionViewCell.xib */; };
		3C7820431F226324009B86B8 /* TMTableViewController.swift in Sources */ = {isa = PBXBuildFile; fileRef = 3C7820421F226324009B86B8 /* TMTableViewController.swift */; };
		3C9A10091EBDAE4E00B3A909 /* TMCategoryCollectionViewCell.swift in Sources */ = {isa = PBXBuildFile; fileRef = 3C9A10071EBDAE4E00B3A909 /* TMCategoryCollectionViewCell.swift */; };
		3C9A100A1EBDAE4E00B3A909 /* TMCategoryCollectionViewCell.xib in Resources */ = {isa = PBXBuildFile; fileRef = 3C9A10081EBDAE4E00B3A909 /* TMCategoryCollectionViewCell.xib */; };
		3CA7533C1F60E53600A3452F /* TMAlertTextViewInterface.swift in Sources */ = {isa = PBXBuildFile; fileRef = 3CA7533B1F60E53600A3452F /* TMAlertTextViewInterface.swift */; };
		3CA7533E1F60E56B00A3452F /* TMAlertTextViewInterface.xib in Resources */ = {isa = PBXBuildFile; fileRef = 3CA7533D1F60E56B00A3452F /* TMAlertTextViewInterface.xib */; };
		3CA753451F60F13400A3452F /* TMAletTextView.swift in Sources */ = {isa = PBXBuildFile; fileRef = 3CA753441F60F13400A3452F /* TMAletTextView.swift */; };
		3CA753481F611A0600A3452F /* Extensions.swift in Sources */ = {isa = PBXBuildFile; fileRef = 3CA753471F611A0600A3452F /* Extensions.swift */; };
		3CCBD6B61EBF04D10092A5C6 /* TMTextViewController.swift in Sources */ = {isa = PBXBuildFile; fileRef = 3CCBD6B41EBF04D10092A5C6 /* TMTextViewController.swift */; };
		3CCBD6B71EBF04D10092A5C6 /* TMTextViewController.xib in Resources */ = {isa = PBXBuildFile; fileRef = 3CCBD6B51EBF04D10092A5C6 /* TMTextViewController.xib */; };
		3CCBD6CA1EBF15DA0092A5C6 /* TMDatePicker.swift in Sources */ = {isa = PBXBuildFile; fileRef = 3CCBD6C91EBF15DA0092A5C6 /* TMDatePicker.swift */; };
		3CCD204E1EFFFFAF00391A24 /* TMUI.swift in Sources */ = {isa = PBXBuildFile; fileRef = 3CCD204D1EFFFFAF00391A24 /* TMUI.swift */; };
		3CDB55401F53FFEC00B79BFD /* TMPickerView.swift in Sources */ = {isa = PBXBuildFile; fileRef = 3CDB553F1F53FFEC00B79BFD /* TMPickerView.swift */; };
		3CE394201F0551BA00BF172C /* TMNewsFeedTableViewCell1.swift in Sources */ = {isa = PBXBuildFile; fileRef = 3CE3941E1F0551BA00BF172C /* TMNewsFeedTableViewCell1.swift */; };
		3CE394211F0551BA00BF172C /* TMNewsFeedTableViewCell1.xib in Resources */ = {isa = PBXBuildFile; fileRef = 3CE3941F1F0551BA00BF172C /* TMNewsFeedTableViewCell1.xib */; };
		3CFD69E81EBCE9C3003CA0CA /* TMNewsFeedTableViewCell.swift in Sources */ = {isa = PBXBuildFile; fileRef = 3CFD69E61EBCE9C3003CA0CA /* TMNewsFeedTableViewCell.swift */; };
		3CFD69E91EBCE9C3003CA0CA /* TMNewsFeedTableViewCell.xib in Resources */ = {isa = PBXBuildFile; fileRef = 3CFD69E71EBCE9C3003CA0CA /* TMNewsFeedTableViewCell.xib */; };
/* End PBXBuildFile section */

/* Begin PBXContainerItemProxy section */
		3C05E2331EAE2BF400B7484C /* PBXContainerItemProxy */ = {
			isa = PBXContainerItemProxy;
			containerPortal = 3C05E21F1EAE2BF400B7484C /* Project object */;
			proxyType = 1;
			remoteGlobalIDString = 3C05E2271EAE2BF400B7484C;
			remoteInfo = TMUI;
		};
/* End PBXContainerItemProxy section */

/* Begin PBXFileReference section */
		3C05E2281EAE2BF400B7484C /* TMUI.framework */ = {isa = PBXFileReference; explicitFileType = wrapper.framework; includeInIndex = 0; path = TMUI.framework; sourceTree = BUILT_PRODUCTS_DIR; };
		3C05E22B1EAE2BF400B7484C /* TMUI.h */ = {isa = PBXFileReference; lastKnownFileType = sourcecode.c.h; path = TMUI.h; sourceTree = "<group>"; };
		3C05E22C1EAE2BF400B7484C /* Info.plist */ = {isa = PBXFileReference; lastKnownFileType = text.plist.xml; path = Info.plist; sourceTree = "<group>"; };
		3C05E2311EAE2BF400B7484C /* TMUITests.xctest */ = {isa = PBXFileReference; explicitFileType = wrapper.cfbundle; includeInIndex = 0; path = TMUITests.xctest; sourceTree = BUILT_PRODUCTS_DIR; };
		3C05E2361EAE2BF400B7484C /* TMUITests.swift */ = {isa = PBXFileReference; lastKnownFileType = sourcecode.swift; path = TMUITests.swift; sourceTree = "<group>"; };
		3C05E2381EAE2BF400B7484C /* Info.plist */ = {isa = PBXFileReference; lastKnownFileType = text.plist.xml; path = Info.plist; sourceTree = "<group>"; };
		3C05E2421EAE2C9E00B7484C /* TMUIFavoritesSelectionViewController.swift */ = {isa = PBXFileReference; fileEncoding = 4; lastKnownFileType = sourcecode.swift; name = TMUIFavoritesSelectionViewController.swift; path = ViewControllers/TMUIFavoritesSelectionViewController/TMUIFavoritesSelectionViewController.swift; sourceTree = "<group>"; };
		3C05E2431EAE2C9E00B7484C /* TMUIFavoritesSelectionViewController.xib */ = {isa = PBXFileReference; fileEncoding = 4; lastKnownFileType = file.xib; name = TMUIFavoritesSelectionViewController.xib; path = ViewControllers/TMUIFavoritesSelectionViewController/TMUIFavoritesSelectionViewController.xib; sourceTree = "<group>"; };
		3C05E2471EAE2D5900B7484C /* TMUIFavoritesSelectionCollectionViewCell.swift */ = {isa = PBXFileReference; fileEncoding = 4; lastKnownFileType = sourcecode.swift; name = TMUIFavoritesSelectionCollectionViewCell.swift; path = ViewControllers/TMUIFavoritesSelectionViewController/TMUIFavoritesSelectionCollectionViewCell.swift; sourceTree = "<group>"; };
		3C05E2481EAE2D5900B7484C /* TMUIFavoritesSelectionCollectionViewCell.xib */ = {isa = PBXFileReference; fileEncoding = 4; lastKnownFileType = file.xib; name = TMUIFavoritesSelectionCollectionViewCell.xib; path = ViewControllers/TMUIFavoritesSelectionViewController/TMUIFavoritesSelectionCollectionViewCell.xib; sourceTree = "<group>"; };
		3C7820421F226324009B86B8 /* TMTableViewController.swift */ = {isa = PBXFileReference; fileEncoding = 4; lastKnownFileType = sourcecode.swift; name = TMTableViewController.swift; path = ViewControllers/TMTableViewController.swift; sourceTree = "<group>"; };
		3C9A10071EBDAE4E00B3A909 /* TMCategoryCollectionViewCell.swift */ = {isa = PBXFileReference; fileEncoding = 4; lastKnownFileType = sourcecode.swift; name = TMCategoryCollectionViewCell.swift; path = Views/Cells/TMCategoryCollectionViewCell.swift; sourceTree = "<group>"; };
		3C9A10081EBDAE4E00B3A909 /* TMCategoryCollectionViewCell.xib */ = {isa = PBXFileReference; fileEncoding = 4; lastKnownFileType = file.xib; name = TMCategoryCollectionViewCell.xib; path = Views/Cells/TMCategoryCollectionViewCell.xib; sourceTree = "<group>"; };
		3CA7533B1F60E53600A3452F /* TMAlertTextViewInterface.swift */ = {isa = PBXFileReference; fileEncoding = 4; lastKnownFileType = sourcecode.swift; name = TMAlertTextViewInterface.swift; path = Views/TMAlertTextViewInterface.swift; sourceTree = "<group>"; };
		3CA7533D1F60E56B00A3452F /* TMAlertTextViewInterface.xib */ = {isa = PBXFileReference; fileEncoding = 4; lastKnownFileType = file.xib; name = TMAlertTextViewInterface.xib; path = Views/TMAlertTextViewInterface.xib; sourceTree = "<group>"; };
		3CA753441F60F13400A3452F /* TMAletTextView.swift */ = {isa = PBXFileReference; fileEncoding = 4; lastKnownFileType = sourcecode.swift; name = TMAletTextView.swift; path = Views/TMAletTextView.swift; sourceTree = "<group>"; };
		3CA753471F611A0600A3452F /* Extensions.swift */ = {isa = PBXFileReference; fileEncoding = 4; lastKnownFileType = sourcecode.swift; path = Extensions.swift; sourceTree = "<group>"; };
		3CCBD6B41EBF04D10092A5C6 /* TMTextViewController.swift */ = {isa = PBXFileReference; fileEncoding = 4; lastKnownFileType = sourcecode.swift; name = TMTextViewController.swift; path = ViewControllers/TMTextViewController.swift; sourceTree = "<group>"; };
		3CCBD6B51EBF04D10092A5C6 /* TMTextViewController.xib */ = {isa = PBXFileReference; fileEncoding = 4; lastKnownFileType = file.xib; name = TMTextViewController.xib; path = ViewControllers/TMTextViewController.xib; sourceTree = "<group>"; };
		3CCBD6C91EBF15DA0092A5C6 /* TMDatePicker.swift */ = {isa = PBXFileReference; fileEncoding = 4; lastKnownFileType = sourcecode.swift; path = TMDatePicker.swift; sourceTree = "<group>"; };
		3CCD204D1EFFFFAF00391A24 /* TMUI.swift */ = {isa = PBXFileReference; fileEncoding = 4; lastKnownFileType = sourcecode.swift; path = TMUI.swift; sourceTree = "<group>"; };
		3CDB553F1F53FFEC00B79BFD /* TMPickerView.swift */ = {isa = PBXFileReference; fileEncoding = 4; lastKnownFileType = sourcecode.swift; name = TMPickerView.swift; path = Views/TMPickerView.swift; sourceTree = "<group>"; };
		3CE3941E1F0551BA00BF172C /* TMNewsFeedTableViewCell1.swift */ = {isa = PBXFileReference; fileEncoding = 4; lastKnownFileType = sourcecode.swift; name = TMNewsFeedTableViewCell1.swift; path = Views/Cells/TMNewsFeedTableViewCell1.swift; sourceTree = "<group>"; };
		3CE3941F1F0551BA00BF172C /* TMNewsFeedTableViewCell1.xib */ = {isa = PBXFileReference; fileEncoding = 4; lastKnownFileType = file.xib; name = TMNewsFeedTableViewCell1.xib; path = Views/Cells/TMNewsFeedTableViewCell1.xib; sourceTree = "<group>"; };
		3CFD69E61EBCE9C3003CA0CA /* TMNewsFeedTableViewCell.swift */ = {isa = PBXFileReference; fileEncoding = 4; lastKnownFileType = sourcecode.swift; name = TMNewsFeedTableViewCell.swift; path = Views/Cells/TMNewsFeedTableViewCell.swift; sourceTree = "<group>"; };
		3CFD69E71EBCE9C3003CA0CA /* TMNewsFeedTableViewCell.xib */ = {isa = PBXFileReference; fileEncoding = 4; lastKnownFileType = file.xib; name = TMNewsFeedTableViewCell.xib; path = Views/Cells/TMNewsFeedTableViewCell.xib; sourceTree = "<group>"; };
/* End PBXFileReference section */

/* Begin PBXFrameworksBuildPhase section */
		3C05E2241EAE2BF400B7484C /* Frameworks */ = {
			isa = PBXFrameworksBuildPhase;
			buildActionMask = 2147483647;
			files = (
			);
			runOnlyForDeploymentPostprocessing = 0;
		};
		3C05E22E1EAE2BF400B7484C /* Frameworks */ = {
			isa = PBXFrameworksBuildPhase;
			buildActionMask = 2147483647;
			files = (
				3C05E2321EAE2BF400B7484C /* TMUI.framework in Frameworks */,
			);
			runOnlyForDeploymentPostprocessing = 0;
		};
/* End PBXFrameworksBuildPhase section */

/* Begin PBXGroup section */
		3C05E21E1EAE2BF400B7484C = {
			isa = PBXGroup;
			children = (
				3C05E22A1EAE2BF400B7484C /* TMUI */,
				3C05E2351EAE2BF400B7484C /* TMUITests */,
				3C05E2291EAE2BF400B7484C /* Products */,
			);
			sourceTree = "<group>";
		};
		3C05E2291EAE2BF400B7484C /* Products */ = {
			isa = PBXGroup;
			children = (
				3C05E2281EAE2BF400B7484C /* TMUI.framework */,
				3C05E2311EAE2BF400B7484C /* TMUITests.xctest */,
			);
			name = Products;
			sourceTree = "<group>";
		};
		3C05E22A1EAE2BF400B7484C /* TMUI */ = {
			isa = PBXGroup;
			children = (
				3C05E22B1EAE2BF400B7484C /* TMUI.h */,
				3C05E2461EAE2D2300B7484C /* TMUIFavoritesSelectionViewController */,
				3C05E22C1EAE2BF400B7484C /* Info.plist */,
				3C9A10011EBDADF900B3A909 /* Views */,
				3CCBD6C81EBF154C0092A5C6 /* Text */,
				3CCD204D1EFFFFAF00391A24 /* TMUI.swift */,
				3CA753471F611A0600A3452F /* Extensions.swift */,
			);
			path = TMUI;
			sourceTree = "<group>";
		};
		3C05E2351EAE2BF400B7484C /* TMUITests */ = {
			isa = PBXGroup;
			children = (
				3C05E2361EAE2BF400B7484C /* TMUITests.swift */,
				3C05E2381EAE2BF400B7484C /* Info.plist */,
			);
			path = TMUITests;
			sourceTree = "<group>";
		};
		3C05E2461EAE2D2300B7484C /* TMUIFavoritesSelectionViewController */ = {
			isa = PBXGroup;
			children = (
				3C05E2421EAE2C9E00B7484C /* TMUIFavoritesSelectionViewController.swift */,
				3C05E2431EAE2C9E00B7484C /* TMUIFavoritesSelectionViewController.xib */,
				3C05E2471EAE2D5900B7484C /* TMUIFavoritesSelectionCollectionViewCell.swift */,
				3C05E2481EAE2D5900B7484C /* TMUIFavoritesSelectionCollectionViewCell.xib */,
			);
			name = TMUIFavoritesSelectionViewController;
			sourceTree = "<group>";
		};
		3C9A10011EBDADF900B3A909 /* Views */ = {
			isa = PBXGroup;
			children = (
				3C9A10021EBDAE0100B3A909 /* Cells */,
				3CA753461F60F77900A3452F /* Interfaces */,
				3CCBD6C91EBF15DA0092A5C6 /* TMDatePicker.swift */,
				3C7820421F226324009B86B8 /* TMTableViewController.swift */,
				3CDB553F1F53FFEC00B79BFD /* TMPickerView.swift */,
				3CA753441F60F13400A3452F /* TMAletTextView.swift */,
			);
			name = Views;
			sourceTree = "<group>";
		};
		3C9A10021EBDAE0100B3A909 /* Cells */ = {
			isa = PBXGroup;
			children = (
				3CFD69E61EBCE9C3003CA0CA /* TMNewsFeedTableViewCell.swift */,
				3CFD69E71EBCE9C3003CA0CA /* TMNewsFeedTableViewCell.xib */,
				3CE3941E1F0551BA00BF172C /* TMNewsFeedTableViewCell1.swift */,
				3CE3941F1F0551BA00BF172C /* TMNewsFeedTableViewCell1.xib */,
				3C9A10071EBDAE4E00B3A909 /* TMCategoryCollectionViewCell.swift */,
				3C9A10081EBDAE4E00B3A909 /* TMCategoryCollectionViewCell.xib */,
			);
			name = Cells;
			sourceTree = "<group>";
		};
		3CA753461F60F77900A3452F /* Interfaces */ = {
			isa = PBXGroup;
			children = (
				3CA7533B1F60E53600A3452F /* TMAlertTextViewInterface.swift */,
				3CA7533D1F60E56B00A3452F /* TMAlertTextViewInterface.xib */,
			);
			name = Interfaces;
			sourceTree = "<group>";
		};
		3CCBD6C81EBF154C0092A5C6 /* Text */ = {
			isa = PBXGroup;
			children = (
				3CCBD6B41EBF04D10092A5C6 /* TMTextViewController.swift */,
				3CCBD6B51EBF04D10092A5C6 /* TMTextViewController.xib */,
			);
			name = Text;
			sourceTree = "<group>";
		};
/* End PBXGroup section */

/* Begin PBXHeadersBuildPhase section */
		3C05E2251EAE2BF400B7484C /* Headers */ = {
			isa = PBXHeadersBuildPhase;
			buildActionMask = 2147483647;
			files = (
				3C05E2391EAE2BF400B7484C /* TMUI.h in Headers */,
			);
			runOnlyForDeploymentPostprocessing = 0;
		};
/* End PBXHeadersBuildPhase section */

/* Begin PBXNativeTarget section */
		3C05E2271EAE2BF400B7484C /* TMUI */ = {
			isa = PBXNativeTarget;
			buildConfigurationList = 3C05E23C1EAE2BF400B7484C /* Build configuration list for PBXNativeTarget "TMUI" */;
			buildPhases = (
				3C05E2231EAE2BF400B7484C /* Sources */,
				3C05E2241EAE2BF400B7484C /* Frameworks */,
				3C05E2251EAE2BF400B7484C /* Headers */,
				3C05E2261EAE2BF400B7484C /* Resources */,
			);
			buildRules = (
			);
			dependencies = (
			);
			name = TMUI;
			productName = TMUI;
			productReference = 3C05E2281EAE2BF400B7484C /* TMUI.framework */;
			productType = "com.apple.product-type.framework";
		};
		3C05E2301EAE2BF400B7484C /* TMUITests */ = {
			isa = PBXNativeTarget;
			buildConfigurationList = 3C05E23F1EAE2BF400B7484C /* Build configuration list for PBXNativeTarget "TMUITests" */;
			buildPhases = (
				3C05E22D1EAE2BF400B7484C /* Sources */,
				3C05E22E1EAE2BF400B7484C /* Frameworks */,
				3C05E22F1EAE2BF400B7484C /* Resources */,
			);
			buildRules = (
			);
			dependencies = (
				3C05E2341EAE2BF400B7484C /* PBXTargetDependency */,
			);
			name = TMUITests;
			productName = TMUITests;
			productReference = 3C05E2311EAE2BF400B7484C /* TMUITests.xctest */;
			productType = "com.apple.product-type.bundle.unit-test";
		};
/* End PBXNativeTarget section */

/* Begin PBXProject section */
		3C05E21F1EAE2BF400B7484C /* Project object */ = {
			isa = PBXProject;
			attributes = {
				LastSwiftUpdateCheck = 0820;
				LastUpgradeCheck = 0820;
				ORGANIZATIONNAME = YomStudio;
				TargetAttributes = {
					3C05E2271EAE2BF400B7484C = {
						CreatedOnToolsVersion = 8.2;
						DevelopmentTeam = L9NJSH4CZ8;
						LastSwiftMigration = 0820;
						ProvisioningStyle = Automatic;
					};
					3C05E2301EAE2BF400B7484C = {
						CreatedOnToolsVersion = 8.2;
						DevelopmentTeam = L9NJSH4CZ8;
						ProvisioningStyle = Automatic;
					};
				};
			};
			buildConfigurationList = 3C05E2221EAE2BF400B7484C /* Build configuration list for PBXProject "TMUI" */;
			compatibilityVersion = "Xcode 3.2";
			developmentRegion = English;
			hasScannedForEncodings = 0;
			knownRegions = (
				en,
			);
			mainGroup = 3C05E21E1EAE2BF400B7484C;
			productRefGroup = 3C05E2291EAE2BF400B7484C /* Products */;
			projectDirPath = "";
			projectRoot = "";
			targets = (
				3C05E2271EAE2BF400B7484C /* TMUI */,
				3C05E2301EAE2BF400B7484C /* TMUITests */,
			);
		};
/* End PBXProject section */

/* Begin PBXResourcesBuildPhase section */
		3C05E2261EAE2BF400B7484C /* Resources */ = {
			isa = PBXResourcesBuildPhase;
			buildActionMask = 2147483647;
			files = (
				3C05E24A1EAE2D5900B7484C /* TMUIFavoritesSelectionCollectionViewCell.xib in Resources */,
				3C05E2451EAE2C9E00B7484C /* TMUIFavoritesSelectionViewController.xib in Resources */,
				3C9A100A1EBDAE4E00B3A909 /* TMCategoryCollectionViewCell.xib in Resources */,
				3CE394211F0551BA00BF172C /* TMNewsFeedTableViewCell1.xib in Resources */,
				3CCBD6B71EBF04D10092A5C6 /* TMTextViewController.xib in Resources */,
				3CFD69E91EBCE9C3003CA0CA /* TMNewsFeedTableViewCell.xib in Resources */,
				3CA7533E1F60E56B00A3452F /* TMAlertTextViewInterface.xib in Resources */,
			);
			runOnlyForDeploymentPostprocessing = 0;
		};
		3C05E22F1EAE2BF400B7484C /* Resources */ = {
			isa = PBXResourcesBuildPhase;
			buildActionMask = 2147483647;
			files = (
			);
			runOnlyForDeploymentPostprocessing = 0;
		};
/* End PBXResourcesBuildPhase section */

/* Begin PBXSourcesBuildPhase section */
		3C05E2231EAE2BF400B7484C /* Sources */ = {
			isa = PBXSourcesBuildPhase;
			buildActionMask = 2147483647;
			files = (
				3CCBD6CA1EBF15DA0092A5C6 /* TMDatePicker.swift in Sources */,
				3C05E2491EAE2D5900B7484C /* TMUIFavoritesSelectionCollectionViewCell.swift in Sources */,
				3C05E2441EAE2C9E00B7484C /* TMUIFavoritesSelectionViewController.swift in Sources */,
				3C7820431F226324009B86B8 /* TMTableViewController.swift in Sources */,
				3CFD69E81EBCE9C3003CA0CA /* TMNewsFeedTableViewCell.swift in Sources */,
				3CCBD6B61EBF04D10092A5C6 /* TMTextViewController.swift in Sources */,
				3C9A10091EBDAE4E00B3A909 /* TMCategoryCollectionViewCell.swift in Sources */,
				3CDB55401F53FFEC00B79BFD /* TMPickerView.swift in Sources */,
				3CA753481F611A0600A3452F /* Extensions.swift in Sources */,
				3CA7533C1F60E53600A3452F /* TMAlertTextViewInterface.swift in Sources */,
				3CA753451F60F13400A3452F /* TMAletTextView.swift in Sources */,
				3CCD204E1EFFFFAF00391A24 /* TMUI.swift in Sources */,
				3CE394201F0551BA00BF172C /* TMNewsFeedTableViewCell1.swift in Sources */,
			);
			runOnlyForDeploymentPostprocessing = 0;
		};
		3C05E22D1EAE2BF400B7484C /* Sources */ = {
			isa = PBXSourcesBuildPhase;
			buildActionMask = 2147483647;
			files = (
				3C05E2371EAE2BF400B7484C /* TMUITests.swift in Sources */,
			);
			runOnlyForDeploymentPostprocessing = 0;
		};
/* End PBXSourcesBuildPhase section */

/* Begin PBXTargetDependency section */
		3C05E2341EAE2BF400B7484C /* PBXTargetDependency */ = {
			isa = PBXTargetDependency;
			target = 3C05E2271EAE2BF400B7484C /* TMUI */;
			targetProxy = 3C05E2331EAE2BF400B7484C /* PBXContainerItemProxy */;
		};
/* End PBXTargetDependency section */

/* Begin XCBuildConfiguration section */
		3C05E23A1EAE2BF400B7484C /* Debug */ = {
			isa = XCBuildConfiguration;
			buildSettings = {
				ALWAYS_SEARCH_USER_PATHS = NO;
				CLANG_ANALYZER_NONNULL = YES;
				CLANG_CXX_LANGUAGE_STANDARD = "gnu++0x";
				CLANG_CXX_LIBRARY = "libc++";
				CLANG_ENABLE_MODULES = YES;
				CLANG_ENABLE_OBJC_ARC = YES;
				CLANG_WARN_BOOL_CONVERSION = YES;
				CLANG_WARN_CONSTANT_CONVERSION = YES;
				CLANG_WARN_DIRECT_OBJC_ISA_USAGE = YES_ERROR;
				CLANG_WARN_DOCUMENTATION_COMMENTS = YES;
				CLANG_WARN_EMPTY_BODY = YES;
				CLANG_WARN_ENUM_CONVERSION = YES;
				CLANG_WARN_INFINITE_RECURSION = YES;
				CLANG_WARN_INT_CONVERSION = YES;
				CLANG_WARN_OBJC_ROOT_CLASS = YES_ERROR;
				CLANG_WARN_SUSPICIOUS_MOVE = YES;
				CLANG_WARN_UNREACHABLE_CODE = YES;
				CLANG_WARN__DUPLICATE_METHOD_MATCH = YES;
				"CODE_SIGN_IDENTITY[sdk=iphoneos*]" = "iPhone Developer";
				COPY_PHASE_STRIP = NO;
				CURRENT_PROJECT_VERSION = 1;
				DEBUG_INFORMATION_FORMAT = dwarf;
				ENABLE_STRICT_OBJC_MSGSEND = YES;
				ENABLE_TESTABILITY = YES;
				GCC_C_LANGUAGE_STANDARD = gnu99;
				GCC_DYNAMIC_NO_PIC = NO;
				GCC_NO_COMMON_BLOCKS = YES;
				GCC_OPTIMIZATION_LEVEL = 0;
				GCC_PREPROCESSOR_DEFINITIONS = (
					"DEBUG=1",
					"$(inherited)",
				);
				GCC_WARN_64_TO_32_BIT_CONVERSION = YES;
				GCC_WARN_ABOUT_RETURN_TYPE = YES_ERROR;
				GCC_WARN_UNDECLARED_SELECTOR = YES;
				GCC_WARN_UNINITIALIZED_AUTOS = YES_AGGRESSIVE;
				GCC_WARN_UNUSED_FUNCTION = YES;
				GCC_WARN_UNUSED_VARIABLE = YES;
				IPHONEOS_DEPLOYMENT_TARGET = 10.2;
				MTL_ENABLE_DEBUG_INFO = YES;
				ONLY_ACTIVE_ARCH = YES;
				SDKROOT = iphoneos;
				SWIFT_ACTIVE_COMPILATION_CONDITIONS = DEBUG;
				SWIFT_OPTIMIZATION_LEVEL = "-Onone";
				TARGETED_DEVICE_FAMILY = "1,2";
				VERSIONING_SYSTEM = "apple-generic";
				VERSION_INFO_PREFIX = "";
			};
			name = Debug;
		};
		3C05E23B1EAE2BF400B7484C /* Release */ = {
			isa = XCBuildConfiguration;
			buildSettings = {
				ALWAYS_SEARCH_USER_PATHS = NO;
				CLANG_ANALYZER_NONNULL = YES;
				CLANG_CXX_LANGUAGE_STANDARD = "gnu++0x";
				CLANG_CXX_LIBRARY = "libc++";
				CLANG_ENABLE_MODULES = YES;
				CLANG_ENABLE_OBJC_ARC = YES;
				CLANG_WARN_BOOL_CONVERSION = YES;
				CLANG_WARN_CONSTANT_CONVERSION = YES;
				CLANG_WARN_DIRECT_OBJC_ISA_USAGE = YES_ERROR;
				CLANG_WARN_DOCUMENTATION_COMMENTS = YES;
				CLANG_WARN_EMPTY_BODY = YES;
				CLANG_WARN_ENUM_CONVERSION = YES;
				CLANG_WARN_INFINITE_RECURSION = YES;
				CLANG_WARN_INT_CONVERSION = YES;
				CLANG_WARN_OBJC_ROOT_CLASS = YES_ERROR;
				CLANG_WARN_SUSPICIOUS_MOVE = YES;
				CLANG_WARN_UNREACHABLE_CODE = YES;
				CLANG_WARN__DUPLICATE_METHOD_MATCH = YES;
				"CODE_SIGN_IDENTITY[sdk=iphoneos*]" = "iPhone Developer";
				COPY_PHASE_STRIP = NO;
				CURRENT_PROJECT_VERSION = 1;
				DEBUG_INFORMATION_FORMAT = "dwarf-with-dsym";
				ENABLE_NS_ASSERTIONS = NO;
				ENABLE_STRICT_OBJC_MSGSEND = YES;
				GCC_C_LANGUAGE_STANDARD = gnu99;
				GCC_NO_COMMON_BLOCKS = YES;
				GCC_WARN_64_TO_32_BIT_CONVERSION = YES;
				GCC_WARN_ABOUT_RETURN_TYPE = YES_ERROR;
				GCC_WARN_UNDECLARED_SELECTOR = YES;
				GCC_WARN_UNINITIALIZED_AUTOS = YES_AGGRESSIVE;
				GCC_WARN_UNUSED_FUNCTION = YES;
				GCC_WARN_UNUSED_VARIABLE = YES;
				IPHONEOS_DEPLOYMENT_TARGET = 10.2;
				MTL_ENABLE_DEBUG_INFO = NO;
				SDKROOT = iphoneos;
				SWIFT_OPTIMIZATION_LEVEL = "-Owholemodule";
				TARGETED_DEVICE_FAMILY = "1,2";
				VALIDATE_PRODUCT = YES;
				VERSIONING_SYSTEM = "apple-generic";
				VERSION_INFO_PREFIX = "";
			};
			name = Release;
		};
		3C05E23D1EAE2BF400B7484C /* Debug */ = {
			isa = XCBuildConfiguration;
			buildSettings = {
				CLANG_ENABLE_MODULES = YES;
				CODE_SIGN_IDENTITY = "";
				DEFINES_MODULE = YES;
				DEVELOPMENT_TEAM = L9NJSH4CZ8;
				DYLIB_COMPATIBILITY_VERSION = 1;
				DYLIB_CURRENT_VERSION = 1;
				DYLIB_INSTALL_NAME_BASE = "@rpath";
				INFOPLIST_FILE = TMUI/Info.plist;
				INSTALL_PATH = "$(LOCAL_LIBRARY_DIR)/Frameworks";
				LD_RUNPATH_SEARCH_PATHS = "$(inherited) @executable_path/Frameworks @loader_path/Frameworks";
				PRODUCT_BUNDLE_IDENTIFIER = org.yomstudio.TMUI;
				PRODUCT_NAME = "$(TARGET_NAME)";
				SKIP_INSTALL = YES;
				SWIFT_OPTIMIZATION_LEVEL = "-Onone";
				SWIFT_VERSION = 3.0;
			};
			name = Debug;
		};
		3C05E23E1EAE2BF400B7484C /* Release */ = {
			isa = XCBuildConfiguration;
			buildSettings = {
				CLANG_ENABLE_MODULES = YES;
				CODE_SIGN_IDENTITY = "";
				DEFINES_MODULE = YES;
				DEVELOPMENT_TEAM = L9NJSH4CZ8;
				DYLIB_COMPATIBILITY_VERSION = 1;
				DYLIB_CURRENT_VERSION = 1;
				DYLIB_INSTALL_NAME_BASE = "@rpath";
				INFOPLIST_FILE = TMUI/Info.plist;
				INSTALL_PATH = "$(LOCAL_LIBRARY_DIR)/Frameworks";
				LD_RUNPATH_SEARCH_PATHS = "$(inherited) @executable_path/Frameworks @loader_path/Frameworks";
				PRODUCT_BUNDLE_IDENTIFIER = org.yomstudio.TMUI;
				PRODUCT_NAME = "$(TARGET_NAME)";
				SKIP_INSTALL = YES;
				SWIFT_VERSION = 3.0;
			};
			name = Release;
		};
		3C05E2401EAE2BF400B7484C /* Debug */ = {
			isa = XCBuildConfiguration;
			buildSettings = {
				ALWAYS_EMBED_SWIFT_STANDARD_LIBRARIES = YES;
				DEVELOPMENT_TEAM = L9NJSH4CZ8;
				INFOPLIST_FILE = TMUITests/Info.plist;
				LD_RUNPATH_SEARCH_PATHS = "$(inherited) @executable_path/Frameworks @loader_path/Frameworks";
				PRODUCT_BUNDLE_IDENTIFIER = org.yomstudio.TMUITests;
				PRODUCT_NAME = "$(TARGET_NAME)";
				SWIFT_VERSION = 3.0;
			};
			name = Debug;
		};
		3C05E2411EAE2BF400B7484C /* Release */ = {
			isa = XCBuildConfiguration;
			buildSettings = {
				ALWAYS_EMBED_SWIFT_STANDARD_LIBRARIES = YES;
				DEVELOPMENT_TEAM = L9NJSH4CZ8;
				INFOPLIST_FILE = TMUITests/Info.plist;
				LD_RUNPATH_SEARCH_PATHS = "$(inherited) @executable_path/Frameworks @loader_path/Frameworks";
				PRODUCT_BUNDLE_IDENTIFIER = org.yomstudio.TMUITests;
				PRODUCT_NAME = "$(TARGET_NAME)";
				SWIFT_VERSION = 3.0;
			};
			name = Release;
		};
/* End XCBuildConfiguration section */

/* Begin XCConfigurationList section */
		3C05E2221EAE2BF400B7484C /* Build configuration list for PBXProject "TMUI" */ = {
			isa = XCConfigurationList;
			buildConfigurations = (
				3C05E23A1EAE2BF400B7484C /* Debug */,
				3C05E23B1EAE2BF400B7484C /* Release */,
			);
			defaultConfigurationIsVisible = 0;
			defaultConfigurationName = Release;
		};
		3C05E23C1EAE2BF400B7484C /* Build configuration list for PBXNativeTarget "TMUI" */ = {
			isa = XCConfigurationList;
			buildConfigurations = (
				3C05E23D1EAE2BF400B7484C /* Debug */,
				3C05E23E1EAE2BF400B7484C /* Release */,
			);
			defaultConfigurationIsVisible = 0;
			defaultConfigurationName = Release;
		};
		3C05E23F1EAE2BF400B7484C /* Build configuration list for PBXNativeTarget "TMUITests" */ = {
			isa = XCConfigurationList;
			buildConfigurations = (
				3C05E2401EAE2BF400B7484C /* Debug */,
				3C05E2411EAE2BF400B7484C /* Release */,
			);
			defaultConfigurationIsVisible = 0;
			defaultConfigurationName = Release;
		};
/* End XCConfigurationList section */
	};
	rootObject = 3C05E21F1EAE2BF400B7484C /* Project object */;
}
